
Microsoft Visual Studio Solution File, Format Version 12.00
Project("{FAE04EC0-301F-11D3-BF4B-00C04F79EFBC}") = "BogaNet.Common", "BogaNet.Common\BogaNet.Common.csproj", "{761B0B59-DC54-4A07-B5A9-E0BD5BC6D448}"
EndProject
Project("{FAE04EC0-301F-11D3-BF4B-00C04F79EFBC}") = "BogaNet.Test", "BogaNet.Test\BogaNet.Test.csproj", "{6B1F0E29-1B62-4E3D-A017-C4004B643DAC}"
EndProject
Project("{FAE04EC0-301F-11D3-BF4B-00C04F79EFBC}") = "BogaNet.CLI", "BogaNet.CLI\BogaNet.CLI.csproj", "{8CE41FAB-3A14-47C3-9182-8EDD7C1E183E}"
EndProject
Project("{FAE04EC0-301F-11D3-BF4B-00C04F79EFBC}") = "BogaNet.Avalonia", "BogaNet.Avalonia\BogaNet.Avalonia.csproj", "{86DF5AE1-6577-44DA-BBF0-A92D94BB7C4F}"
EndProject
Project("{FAE04EC0-301F-11D3-BF4B-00C04F79EFBC}") = "BogaNet.Unit", "BogaNet.Unit\BogaNet.Unit.csproj", "{AC58276F-2C8D-4D56-B164-B47C4D32CD89}"
EndProject
Project("{FAE04EC0-301F-11D3-BF4B-00C04F79EFBC}") = "BogaNet.i18n", "BogaNet.i18n\BogaNet.i18n.csproj", "{65622612-B095-4287-B396-2539A40AEE00}"
EndProject
Project("{FAE04EC0-301F-11D3-BF4B-00C04F79EFBC}") = "BogaNet.Crypto", "BogaNet.Crypto\BogaNet.Crypto.csproj", "{43AB539C-A71D-4DE6-BCCC-B0E2D6DBA20D}"
EndProject
Project("{FAE04EC0-301F-11D3-BF4B-00C04F79EFBC}") = "BogaNet.ObfuscatedType", "BogaNet.ObfuscatedType\BogaNet.ObfuscatedType.csproj", "{D376486B-9CCD-4EB9-B42C-DEA551950D46}"
EndProject
Project("{FAE04EC0-301F-11D3-BF4B-00C04F79EFBC}") = "BogaNet.SecureType", "BogaNet.SecureType\BogaNet.SecureType.csproj", "{3450DE3F-7375-4EEE-9D12-59894AA7FF4D}"
EndProject
Project("{FAE04EC0-301F-11D3-BF4B-00C04F79EFBC}") = "BogaNet.Prefs", "BogaNet.Prefs\BogaNet.Prefs.csproj", "{D7615879-B29E-4515-9487-7BE7F664B25D}"
EndProject
Project("{FAE04EC0-301F-11D3-BF4B-00C04F79EFBC}") = "BogaNet.CRC", "BogaNet.CRC\BogaNet.CRC.csproj", "{6DCAB06F-443F-4FD2-8965-D9025C7D7445}"
EndProject
Project("{FAE04EC0-301F-11D3-BF4B-00C04F79EFBC}") = "BogaNet.TrueRandom", "BogaNet.TrueRandom\BogaNet.TrueRandom.csproj", "{3165EEF2-794C-4D3A-B49C-8FA281619604}"
EndProject
Project("{FAE04EC0-301F-11D3-BF4B-00C04F79EFBC}") = "BogaNet.TTS", "BogaNet.TTS\BogaNet.TTS.csproj", "{5A79F4B5-17F6-4376-919F-CED0D0C2C1B6}"
EndProject
Project("{FAE04EC0-301F-11D3-BF4B-00C04F79EFBC}") = "BogaNet.TTS.Windows", "BogaNet.TTS.Windows\BogaNet.TTS.Windows.csproj", "{AAE79850-FC4D-485D-9FF9-6856FB8684F2}"
EndProject
Project("{FAE04EC0-301F-11D3-BF4B-00C04F79EFBC}") = "BogaNet.Encoder", "BogaNet.Encoder\BogaNet.Encoder.csproj", "{749736E7-EC90-4CCF-89C4-0CDF5C1C3B73}"
EndProject
Project("{FAE04EC0-301F-11D3-BF4B-00C04F79EFBC}") = "BogaNet.Avalonia.Browser", "BogaNet.Avalonia.Browser\BogaNet.Avalonia.Browser.csproj", "{6AD05101-8038-4325-BE35-B28CDD4743B6}"
EndProject
Global
	GlobalSection(SolutionConfigurationPlatforms) = preSolution
		Debug|Any CPU = Debug|Any CPU
		Release|Any CPU = Release|Any CPU
	EndGlobalSection
	GlobalSection(ProjectConfigurationPlatforms) = postSolution
		{761B0B59-DC54-4A07-B5A9-E0BD5BC6D448}.Debug|Any CPU.ActiveCfg = Debug|Any CPU
		{761B0B59-DC54-4A07-B5A9-E0BD5BC6D448}.Debug|Any CPU.Build.0 = Debug|Any CPU
		{761B0B59-DC54-4A07-B5A9-E0BD5BC6D448}.Release|Any CPU.ActiveCfg = Release|Any CPU
		{761B0B59-DC54-4A07-B5A9-E0BD5BC6D448}.Release|Any CPU.Build.0 = Release|Any CPU
		{6B1F0E29-1B62-4E3D-A017-C4004B643DAC}.Debug|Any CPU.ActiveCfg = Debug|Any CPU
		{6B1F0E29-1B62-4E3D-A017-C4004B643DAC}.Debug|Any CPU.Build.0 = Debug|Any CPU
		{6B1F0E29-1B62-4E3D-A017-C4004B643DAC}.Release|Any CPU.ActiveCfg = Release|Any CPU
		{6B1F0E29-1B62-4E3D-A017-C4004B643DAC}.Release|Any CPU.Build.0 = Release|Any CPU
		{8CE41FAB-3A14-47C3-9182-8EDD7C1E183E}.Debug|Any CPU.ActiveCfg = Debug|Any CPU
		{8CE41FAB-3A14-47C3-9182-8EDD7C1E183E}.Debug|Any CPU.Build.0 = Debug|Any CPU
		{8CE41FAB-3A14-47C3-9182-8EDD7C1E183E}.Release|Any CPU.ActiveCfg = Release|Any CPU
		{8CE41FAB-3A14-47C3-9182-8EDD7C1E183E}.Release|Any CPU.Build.0 = Release|Any CPU
		{86DF5AE1-6577-44DA-BBF0-A92D94BB7C4F}.Debug|Any CPU.ActiveCfg = Debug|Any CPU
		{86DF5AE1-6577-44DA-BBF0-A92D94BB7C4F}.Debug|Any CPU.Build.0 = Debug|Any CPU
		{86DF5AE1-6577-44DA-BBF0-A92D94BB7C4F}.Release|Any CPU.ActiveCfg = Release|Any CPU
		{86DF5AE1-6577-44DA-BBF0-A92D94BB7C4F}.Release|Any CPU.Build.0 = Release|Any CPU
		{AC58276F-2C8D-4D56-B164-B47C4D32CD89}.Debug|Any CPU.ActiveCfg = Debug|Any CPU
		{AC58276F-2C8D-4D56-B164-B47C4D32CD89}.Debug|Any CPU.Build.0 = Debug|Any CPU
		{AC58276F-2C8D-4D56-B164-B47C4D32CD89}.Release|Any CPU.ActiveCfg = Release|Any CPU
		{AC58276F-2C8D-4D56-B164-B47C4D32CD89}.Release|Any CPU.Build.0 = Release|Any CPU
		{65622612-B095-4287-B396-2539A40AEE00}.Debug|Any CPU.ActiveCfg = Debug|Any CPU
		{65622612-B095-4287-B396-2539A40AEE00}.Debug|Any CPU.Build.0 = Debug|Any CPU
		{65622612-B095-4287-B396-2539A40AEE00}.Release|Any CPU.ActiveCfg = Release|Any CPU
		{65622612-B095-4287-B396-2539A40AEE00}.Release|Any CPU.Build.0 = Release|Any CPU
		{43AB539C-A71D-4DE6-BCCC-B0E2D6DBA20D}.Debug|Any CPU.ActiveCfg = Debug|Any CPU
		{43AB539C-A71D-4DE6-BCCC-B0E2D6DBA20D}.Debug|Any CPU.Build.0 = Debug|Any CPU
		{43AB539C-A71D-4DE6-BCCC-B0E2D6DBA20D}.Release|Any CPU.ActiveCfg = Release|Any CPU
		{43AB539C-A71D-4DE6-BCCC-B0E2D6DBA20D}.Release|Any CPU.Build.0 = Release|Any CPU
		{D376486B-9CCD-4EB9-B42C-DEA551950D46}.Debug|Any CPU.ActiveCfg = Debug|Any CPU
		{D376486B-9CCD-4EB9-B42C-DEA551950D46}.Debug|Any CPU.Build.0 = Debug|Any CPU
		{D376486B-9CCD-4EB9-B42C-DEA551950D46}.Release|Any CPU.ActiveCfg = Release|Any CPU
		{D376486B-9CCD-4EB9-B42C-DEA551950D46}.Release|Any CPU.Build.0 = Release|Any CPU
		{3450DE3F-7375-4EEE-9D12-59894AA7FF4D}.Debug|Any CPU.ActiveCfg = Debug|Any CPU
		{3450DE3F-7375-4EEE-9D12-59894AA7FF4D}.Debug|Any CPU.Build.0 = Debug|Any CPU
		{3450DE3F-7375-4EEE-9D12-59894AA7FF4D}.Release|Any CPU.ActiveCfg = Release|Any CPU
		{3450DE3F-7375-4EEE-9D12-59894AA7FF4D}.Release|Any CPU.Build.0 = Release|Any CPU
		{D7615879-B29E-4515-9487-7BE7F664B25D}.Debug|Any CPU.ActiveCfg = Debug|Any CPU
		{D7615879-B29E-4515-9487-7BE7F664B25D}.Debug|Any CPU.Build.0 = Debug|Any CPU
		{D7615879-B29E-4515-9487-7BE7F664B25D}.Release|Any CPU.ActiveCfg = Release|Any CPU
		{D7615879-B29E-4515-9487-7BE7F664B25D}.Release|Any CPU.Build.0 = Release|Any CPU
		{6DCAB06F-443F-4FD2-8965-D9025C7D7445}.Debug|Any CPU.ActiveCfg = Debug|Any CPU
		{6DCAB06F-443F-4FD2-8965-D9025C7D7445}.Debug|Any CPU.Build.0 = Debug|Any CPU
		{6DCAB06F-443F-4FD2-8965-D9025C7D7445}.Release|Any CPU.ActiveCfg = Release|Any CPU
		{6DCAB06F-443F-4FD2-8965-D9025C7D7445}.Release|Any CPU.Build.0 = Release|Any CPU
		{3165EEF2-794C-4D3A-B49C-8FA281619604}.Debug|Any CPU.ActiveCfg = Debug|Any CPU
		{3165EEF2-794C-4D3A-B49C-8FA281619604}.Debug|Any CPU.Build.0 = Debug|Any CPU
		{3165EEF2-794C-4D3A-B49C-8FA281619604}.Release|Any CPU.ActiveCfg = Release|Any CPU
		{3165EEF2-794C-4D3A-B49C-8FA281619604}.Release|Any CPU.Build.0 = Release|Any CPU
		{5A79F4B5-17F6-4376-919F-CED0D0C2C1B6}.Debug|Any CPU.ActiveCfg = Debug|Any CPU
		{5A79F4B5-17F6-4376-919F-CED0D0C2C1B6}.Debug|Any CPU.Build.0 = Debug|Any CPU
		{5A79F4B5-17F6-4376-919F-CED0D0C2C1B6}.Release|Any CPU.ActiveCfg = Release|Any CPU
		{5A79F4B5-17F6-4376-919F-CED0D0C2C1B6}.Release|Any CPU.Build.0 = Release|Any CPU
		{AAE79850-FC4D-485D-9FF9-6856FB8684F2}.Debug|Any CPU.ActiveCfg = Debug|Any CPU
		{AAE79850-FC4D-485D-9FF9-6856FB8684F2}.Debug|Any CPU.Build.0 = Debug|Any CPU
		{AAE79850-FC4D-485D-9FF9-6856FB8684F2}.Release|Any CPU.ActiveCfg = Release|Any CPU
		{AAE79850-FC4D-485D-9FF9-6856FB8684F2}.Release|Any CPU.Build.0 = Release|Any CPU
		{749736E7-EC90-4CCF-89C4-0CDF5C1C3B73}.Debug|Any CPU.ActiveCfg = Debug|Any CPU
		{749736E7-EC90-4CCF-89C4-0CDF5C1C3B73}.Debug|Any CPU.Build.0 = Debug|Any CPU
		{749736E7-EC90-4CCF-89C4-0CDF5C1C3B73}.Release|Any CPU.ActiveCfg = Release|Any CPU
		{749736E7-EC90-4CCF-89C4-0CDF5C1C3B73}.Release|Any CPU.Build.0 = Release|Any CPU
		{6AD05101-8038-4325-BE35-B28CDD4743B6}.Debug|Any CPU.ActiveCfg = Debug|Any CPU
		{6AD05101-8038-4325-BE35-B28CDD4743B6}.Debug|Any CPU.Build.0 = Debug|Any CPU
		{6AD05101-8038-4325-BE35-B28CDD4743B6}.Release|Any CPU.ActiveCfg = Release|Any CPU
		{6AD05101-8038-4325-BE35-B28CDD4743B6}.Release|Any CPU.Build.0 = Release|Any CPU
	EndGlobalSection
	GlobalSection(NestedProjects) = preSolution
	EndGlobalSection
EndGlobal
